	<Project xmlns="http://schemas.microsoft.com/developer/msbuild/2003">
		<PropertyGroup>
			<ProjectGuid>{55D64F0C-3CB4-4409-9805-5BB5441058AA}</ProjectGuid>
			<ProjectVersion>16.1</ProjectVersion>
			<FrameworkType>FMX</FrameworkType>
			<MainSource>StandaloneFMX.dpr</MainSource>
			<Base>True</Base>
			<Config Condition="'$(Config)'==''">Release</Config>
			<Platform Condition="'$(Platform)'==''">Win32</Platform>
			<TargetedPlatforms>7</TargetedPlatforms>
			<AppType>Application</AppType>
		</PropertyGroup>
		<PropertyGroup Condition="'$(Config)'=='Base' or '$(Base)'!=''">
			<Base>true</Base>
		</PropertyGroup>
		<PropertyGroup Condition="('$(Platform)'=='OSX32' and '$(Base)'=='true') or '$(Base_OSX32)'!=''">
			<Base_OSX32>true</Base_OSX32>
			<CfgParent>Base</CfgParent>
			<Base>true</Base>
		</PropertyGroup>
		<PropertyGroup Condition="('$(Platform)'=='Win64' and '$(Base)'=='true') or '$(Base_Win64)'!=''">
			<Base_Win64>true</Base_Win64>
			<CfgParent>Base</CfgParent>
			<Base>true</Base>
		</PropertyGroup>
		<PropertyGroup Condition="('$(Platform)'=='Win32' and '$(Base)'=='true') or '$(Base_Win32)'!=''">
			<Base_Win32>true</Base_Win32>
			<CfgParent>Base</CfgParent>
			<Base>true</Base>
		</PropertyGroup>
		<PropertyGroup Condition="'$(Config)'=='Debug' or '$(Cfg_1)'!=''">
			<Cfg_1>true</Cfg_1>
			<CfgParent>Base</CfgParent>
			<Base>true</Base>
		</PropertyGroup>
		<PropertyGroup Condition="('$(Platform)'=='OSX32' and '$(Cfg_1)'=='true') or '$(Cfg_1_OSX32)'!=''">
			<Cfg_1_OSX32>true</Cfg_1_OSX32>
			<CfgParent>Cfg_1</CfgParent>
			<Cfg_1>true</Cfg_1>
			<Base>true</Base>
		</PropertyGroup>
		<PropertyGroup Condition="('$(Platform)'=='Win64' and '$(Cfg_1)'=='true') or '$(Cfg_1_Win64)'!=''">
			<Cfg_1_Win64>true</Cfg_1_Win64>
			<CfgParent>Cfg_1</CfgParent>
			<Cfg_1>true</Cfg_1>
			<Base>true</Base>
		</PropertyGroup>
		<PropertyGroup Condition="('$(Platform)'=='Win32' and '$(Cfg_1)'=='true') or '$(Cfg_1_Win32)'!=''">
			<Cfg_1_Win32>true</Cfg_1_Win32>
			<CfgParent>Cfg_1</CfgParent>
			<Cfg_1>true</Cfg_1>
			<Base>true</Base>
		</PropertyGroup>
		<PropertyGroup Condition="'$(Config)'=='Release' or '$(Cfg_2)'!=''">
			<Cfg_2>true</Cfg_2>
			<CfgParent>Base</CfgParent>
			<Base>true</Base>
		</PropertyGroup>
		<PropertyGroup Condition="('$(Platform)'=='OSX32' and '$(Cfg_2)'=='true') or '$(Cfg_2_OSX32)'!=''">
			<Cfg_2_OSX32>true</Cfg_2_OSX32>
			<CfgParent>Cfg_2</CfgParent>
			<Cfg_2>true</Cfg_2>
			<Base>true</Base>
		</PropertyGroup>
		<PropertyGroup Condition="('$(Platform)'=='Win64' and '$(Cfg_2)'=='true') or '$(Cfg_2_Win64)'!=''">
			<Cfg_2_Win64>true</Cfg_2_Win64>
			<CfgParent>Cfg_2</CfgParent>
			<Cfg_2>true</Cfg_2>
			<Base>true</Base>
		</PropertyGroup>
		<PropertyGroup Condition="('$(Platform)'=='Win32' and '$(Cfg_2)'=='true') or '$(Cfg_2_Win32)'!=''">
			<Cfg_2_Win32>true</Cfg_2_Win32>
			<CfgParent>Cfg_2</CfgParent>
			<Cfg_2>true</Cfg_2>
			<Base>true</Base>
		</PropertyGroup>
		<PropertyGroup Condition="'$(Base)'!=''">
			<Icon_MainIcon>..\..\Glyphs\PascalPrimer.ico</Icon_MainIcon>
			<VerInfo_Keys>CompanyName=;FileDescription=;FileVersion=1.0.0.0;InternalName=;LegalCopyright=;LegalTrademarks=;OriginalFilename=;ProductName=;ProductVersion=1.0.0.0;Comments=</VerInfo_Keys>
			<VerInfo_Locale>1031</VerInfo_Locale>
			<Manifest_File>$(BDS)\bin\default_app.manifest</Manifest_File>
			<Icns_MainIcns>$(BDS)\bin\delphi_PROJECTICNS.icns</Icns_MainIcns>
			<SanitizedProjectName>StandaloneFMX</SanitizedProjectName>
			<DCC_Namespace>System;Xml;Data;Datasnap;Web;Soap;$(DCC_Namespace)</DCC_Namespace>
			<DCC_DcuOutput>..\DCU\$(Platform)\$(Config)</DCC_DcuOutput>
			<DCC_ExeOutput>..\Binaries\$(Platform)\$(Config)</DCC_ExeOutput>
			<DCC_E>false</DCC_E>
			<DCC_N>false</DCC_N>
			<DCC_S>false</DCC_S>
			<DCC_F>false</DCC_F>
			<DCC_K>false</DCC_K>
		</PropertyGroup>
		<PropertyGroup Condition="'$(Base_OSX32)'!=''">
			<Debugger_Launcher>/usr/X11/bin/xterm -e &quot;%debuggee%&quot;</Debugger_Launcher>
			<DCC_UsePackage>Mitov_BasicLab_DXE7;DBXSqliteDriver;fmx;IndySystem;tethering;TimingLabBasicPkgDXE7;SignalLabBasicPkgDXE7;DBXInterBaseDriver;DbxCommonDriver;dbxcds;CustomIPTransport;dsnap;IndyIPServer;fmxase;IndyCore;Mitov_Runtime_DXE7;IndyIPCommon;CloudService;FmxTeeUI;OpenWirePkgDXE7;soapserver;inetdbxpress;OpenWireBindingDatabasePkgDXE7;SignalLabGenericBasicPkgDXE7;dsnapxml;IcsCommonDXE7Run;bindcompfmx;RESTBackendComponents;rtl;dbrtl;DbxClientDriver;bindcomp;inetdb;OpenWireBindingFmxPkgDXE7;xmlrtl;IndyProtocols;DBXMySQLDriver;OpenWireBindingPkgDXE7;soaprtl;bindengine;bindcompdbx;FMXTee;emsclient;inet;fmxobj;soapmidas;fmxdae;RESTComponents;dbexpress;IndyIPClient;$(DCC_UsePackage)</DCC_UsePackage>
			<VerInfo_IncludeVerInfo>true</VerInfo_IncludeVerInfo>
			<VerInfo_Keys>CFBundleName=$(MSBuildProjectName);CFBundleDisplayName=$(MSBuildProjectName);CFBundleIdentifier=$(MSBuildProjectName);CFBundleVersion=1.0.0;CFBundlePackageType=APPL;CFBundleSignature=????;CFBundleAllowMixedLocalizations=YES;CFBundleExecutable=$(MSBuildProjectName);NSHighResolutionCapable=true;LSApplicationCategoryType=public.app-category.utilities</VerInfo_Keys>
		</PropertyGroup>
		<PropertyGroup Condition="'$(Base_Win64)'!=''">
			<DCC_Namespace>Winapi;System.Win;Data.Win;Datasnap.Win;Web.Win;Soap.Win;Xml.Win;$(DCC_Namespace)</DCC_Namespace>
			<VerInfo_Locale>1033</VerInfo_Locale>
			<VerInfo_IncludeVerInfo>true</VerInfo_IncludeVerInfo>
			<DCC_UsePackage>Mitov_BasicLab_DXE7;AudioLabEssentialPkgDXE7;DBXSqliteDriver;fmx;IndySystem;TeeDB;tethering;TimingLabBasicPkgDXE7;SignalLabBasicPkgDXE7;DBXInterBaseDriver;MediaLabBasicPkgDXE7;DbxCommonDriver;OpenWireLabPkgDXE7;vclimg;dbxcds;MetropolisUILiveTile;vcldb;vcldsnap;CustomIPTransport;vclribbon;dsnap;IndyIPServer;fmxase;vcl;IndyCore;Mitov_Runtime_DXE7;IndyIPCommon;CloudService;FmxTeeUI;OpenWirePkgDXE7;soapserver;inetdbxpress;OpenWireBindingDatabasePkgDXE7;SignalLabGenericBasicPkgDXE7;dsnapxml;adortl;IcsCommonDXE7Run;bindcompfmx;RESTBackendComponents;OpenWireEditorPkgDXE7;rtl;dbrtl;DbxClientDriver;AudioLabGenericBasicPkgDXE7;bindcomp;inetdb;Tee;Mitov_VCL_Runtime_DXE7;OpenWireBindingFmxPkgDXE7;xmlrtl;IndyProtocols;DBXMySQLDriver;OpenWireBindingVclPkgDXE7;OpenWireBindingPkgDXE7;soaprtl;vclactnband;bindengine;bindcompdbx;FMXTee;TeeUI;bindcompvcl;vclie;vcltouch;emsclient;VclSmp;VCLRESTComponents;AudioLabBasicPkgDXE7;dsnapcon;inet;fmxobj;soapmidas;vclx;fmxdae;RESTComponents;FMX_MediaLabBasicPkgDXE7;dbexpress;Mitov_VCL_BasicLab_DXE7;IndyIPClient;$(DCC_UsePackage)</DCC_UsePackage>
		</PropertyGroup>
		<PropertyGroup Condition="'$(Base_Win32)'!=''">
			<DCC_Namespace>Winapi;System.Win;Data.Win;Datasnap.Win;Web.Win;Soap.Win;Xml.Win;Bde;$(DCC_Namespace)</DCC_Namespace>
			<VerInfo_Locale>1033</VerInfo_Locale>
			<VerInfo_IncludeVerInfo>true</VerInfo_IncludeVerInfo>
			<DCC_UsePackage>JvGlobus;AggPasRunXE2;JvMM;Mitov_BasicLab_DXE7;JvManagedThreads;AudioLabEssentialPkgDXE7;DBXSqliteDriver;fmx;JvDlgs;IndySystem;JvCrypt;TeeDB;tethering;TimingLabBasicPkgDXE7;LKSL_ComponentsXE7;SignalLabBasicPkgDXE7;DBXInterBaseDriver;MediaLabBasicPkgDXE7;DCEF_D7;GLScene_RunTime;JvNet;JvDotNetCtrls;DbxCommonDriver;OpenWireLabPkgDXE7;vclimg;dbxcds;MetropolisUILiveTile;JvXPCtrls;vcldb;vcldsnap;dwsLibRuntime;CustomIPTransport;JvCore;vclribbon;dsnap;IndyIPServer;fmxase;vcl;IndyCore;SynEdit_RXE7;Mitov_Runtime_DXE7;IndyIPCommon;CloudService;CodeSiteExpressPkg;FmxTeeUI;OpenWirePkgDXE7;JvAppFrm;soapserver;GR32_RSXE7;JvDB;JvRuntimeDesign;inetdbxpress;hexlicensemgr;OpenWireBindingDatabasePkgDXE7;SignalLabGenericBasicPkgDXE7;dsnapxml;JclDeveloperTools;JvDocking;adortl;IcsCommonDXE7Run;JvWizards;JvHMI;bindcompfmx;JvBands;GR32_DSGN_RSXE7;RESTBackendComponents;OpenWireEditorPkgDXE7;rtl;dbrtl;DbxClientDriver;AudioLabGenericBasicPkgDXE7;bindcomp;inetdb;JvPluginSystem;Tee;JclContainers;Mitov_VCL_Runtime_DXE7;JvCmp;OpenWireBindingFmxPkgDXE7;JvSystem;xmlrtl;svnui;JvTimeFramework;JvControls;IndyProtocols;DBXMySQLDriver;OpenWireBindingVclPkgDXE7;OpenWireBindingPkgDXE7;soaprtl;vclactnband;bindengine;bindcompdbx;FMXTee;TeeUI;bindcompvcl;JvStdCtrls;JvCustom;Jcl;vclie;JvJans;OmniThreadLibraryRuntimeXE7;JvPageComps;JvPrintPreview;vcltouch;emsclient;VclSmp;VCLRESTComponents;AudioLabBasicPkgDXE7;DScintillaRuntime;dsnapcon;inet;fmxobj;JclVcl;JvPascalInterpreter;soapmidas;vclx;svn;OPDE;fmxdae;RESTComponents;FMX_MediaLabBasicPkgDXE7;VirtualTreesR;dbexpress;Mitov_VCL_BasicLab_DXE7;IndyIPClient;$(DCC_UsePackage)</DCC_UsePackage>
		</PropertyGroup>
		<PropertyGroup Condition="'$(Cfg_1)'!=''">
			<DCC_Define>DEBUG;$(DCC_Define)</DCC_Define>
			<DCC_DebugDCUs>true</DCC_DebugDCUs>
			<DCC_Optimize>false</DCC_Optimize>
			<DCC_GenerateStackFrames>true</DCC_GenerateStackFrames>
			<DCC_DebugInfoInExe>true</DCC_DebugInfoInExe>
			<DCC_RemoteDebug>true</DCC_RemoteDebug>
		</PropertyGroup>
		<PropertyGroup Condition="'$(Cfg_1_OSX32)'!=''">
			<VerInfo_Keys>CFBundleName=$(MSBuildProjectName);CFBundleDisplayName=$(MSBuildProjectName);CFBundleIdentifier=$(MSBuildProjectName);CFBundleVersion=1.0.0;CFBundlePackageType=APPL;CFBundleSignature=????;CFBundleAllowMixedLocalizations=YES;CFBundleExecutable=$(MSBuildProjectName);NSHighResolutionCapable=true;LSApplicationCategoryType=public.app-category.utilities</VerInfo_Keys>
			<VerInfo_IncludeVerInfo>true</VerInfo_IncludeVerInfo>
		</PropertyGroup>
		<PropertyGroup Condition="'$(Cfg_1_Win64)'!=''">
			<VerInfo_Locale>1033</VerInfo_Locale>
			<VerInfo_IncludeVerInfo>true</VerInfo_IncludeVerInfo>
		</PropertyGroup>
		<PropertyGroup Condition="'$(Cfg_1_Win32)'!=''">
			<VerInfo_IncludeVerInfo>true</VerInfo_IncludeVerInfo>
			<VerInfo_Locale>1033</VerInfo_Locale>
			<DCC_RemoteDebug>false</DCC_RemoteDebug>
		</PropertyGroup>
		<PropertyGroup Condition="'$(Cfg_2)'!=''">
			<DCC_LocalDebugSymbols>false</DCC_LocalDebugSymbols>
			<DCC_Define>RELEASE;$(DCC_Define)</DCC_Define>
			<DCC_SymbolReferenceInfo>0</DCC_SymbolReferenceInfo>
			<DCC_DebugInformation>0</DCC_DebugInformation>
		</PropertyGroup>
		<PropertyGroup Condition="'$(Cfg_2_OSX32)'!=''">
			<VerInfo_Keys>CFBundleName=$(MSBuildProjectName);CFBundleDisplayName=$(MSBuildProjectName);CFBundleIdentifier=$(MSBuildProjectName);CFBundleVersion=1.0.0;CFBundlePackageType=APPL;CFBundleSignature=????;CFBundleAllowMixedLocalizations=YES;CFBundleExecutable=$(MSBuildProjectName);NSHighResolutionCapable=true;LSApplicationCategoryType=public.app-category.utilities</VerInfo_Keys>
			<VerInfo_IncludeVerInfo>true</VerInfo_IncludeVerInfo>
		</PropertyGroup>
		<PropertyGroup Condition="'$(Cfg_2_Win64)'!=''">
			<VerInfo_Locale>1033</VerInfo_Locale>
			<VerInfo_IncludeVerInfo>true</VerInfo_IncludeVerInfo>
		</PropertyGroup>
		<PropertyGroup Condition="'$(Cfg_2_Win32)'!=''">
			<VerInfo_Locale>1033</VerInfo_Locale>
			<VerInfo_IncludeVerInfo>true</VerInfo_IncludeVerInfo>
		</PropertyGroup>
		<ItemGroup>
			<DelphiCompile Include="$(MainSource)">
				<MainSource>MainSource</MainSource>
			</DelphiCompile>
			<DCCReference Include="..\PascalPrimer.Shared.pas">
				<Form>DataModuleShared</Form>
			</DCCReference>
			<DCCReference Include="PascalPrimer.StandaloneFMX.pas">
				<Form>FormStandalone</Form>
				<FormType>fmx</FormType>
			</DCCReference>
			<BuildConfiguration Include="Release">
				<Key>Cfg_2</Key>
				<CfgParent>Base</CfgParent>
			</BuildConfiguration>
			<BuildConfiguration Include="Base">
				<Key>Base</Key>
			</BuildConfiguration>
			<BuildConfiguration Include="Debug">
				<Key>Cfg_1</Key>
				<CfgParent>Base</CfgParent>
			</BuildConfiguration>
		</ItemGroup>
		<ProjectExtensions>
			<Borland.Personality>Delphi.Personality.12</Borland.Personality>
			<Borland.ProjectType>Application</Borland.ProjectType>
			<BorlandProject>
				<Delphi.Personality>
					<Source>
						<Source Name="MainSource">StandaloneFMX.dpr</Source>
					</Source>
					<Excluded_Packages>
						<Excluded_Packages Name="C:\Users\Public\Code\Lua4Delphi\BPL\Win32\Debug\Lua4Delphi160.bpl">Lua4Delphi for Delphi XE2</Excluded_Packages>
						<Excluded_Packages Name="C:\Program Files (x86)\Developer Express.VCL\Library\RS16\dcldxCoreRS16.bpl">ExpressCoreLibrary by Developer Express Inc.</Excluded_Packages>
						<Excluded_Packages Name="C:\Program Files (x86)\Developer Express.VCL\Library\RS16\dclcxLibraryRS16.bpl">Express Cross Platform Library by Developer Express Inc.</Excluded_Packages>
						<Excluded_Packages Name="C:\Program Files (x86)\Developer Express.VCL\Library\RS16\dclcxEditorsRS16.bpl">ExpressEditors Library by Developer Express Inc.</Excluded_Packages>
						<Excluded_Packages Name="C:\Program Files (x86)\Developer Express.VCL\Library\RS16\dclcxSchedulerRS16.bpl">ExpressScheduler by Developer Express Inc.</Excluded_Packages>
						<Excluded_Packages Name="C:\Program Files (x86)\Developer Express.VCL\Library\RS16\dclcxPivotGridRS16.bpl">ExpressPivotGrid by Developer Express Inc.</Excluded_Packages>
						<Excluded_Packages Name="C:\Program Files (x86)\Developer Express.VCL\Library\RS16\dclcxPageControlRS16.bpl">ExpressPageControl by Developer Express Inc.</Excluded_Packages>
						<Excluded_Packages Name="C:\Program Files (x86)\Developer Express.VCL\Library\RS16\dcldxBarRS16.bpl">ExpressBars by Developer Express Inc.</Excluded_Packages>
						<Excluded_Packages Name="C:\Program Files (x86)\Developer Express.VCL\Library\RS16\dxBarRS16.bpl">ExpressBars by Developer Express Inc.</Excluded_Packages>
						<Excluded_Packages Name="C:\Program Files (x86)\Developer Express.VCL\Library\RS16\dxComnRS16.bpl">ExpressCommonLibrary by Developer Express Inc.</Excluded_Packages>
						<Excluded_Packages Name="C:\Program Files (x86)\Developer Express.VCL\Library\RS16\dcldxRibbonRS16.bpl">ExpressBars Ribbon controls by Developer Express Inc.</Excluded_Packages>
						<Excluded_Packages Name="C:\Program Files (x86)\Developer Express.VCL\Library\RS16\dcldxOrgCRS16.bpl">ExpressOrgChart by Developer Express Inc.</Excluded_Packages>
						<Excluded_Packages Name="C:\Program Files (x86)\Developer Express.VCL\Library\RS16\dcldxSkinsCoreRS16.bpl">ExpressSkins Library by Developer Express Inc.</Excluded_Packages>
						<Excluded_Packages Name="C:\Program Files (x86)\Developer Express.VCL\Library\RS16\dcldxPSCoreRS16.bpl">ExpressPrinting System by Developer Express Inc.</Excluded_Packages>
						<Excluded_Packages Name="C:\Program Files (x86)\Developer Express.VCL\Library\RS16\dcldxPSTeeChartRS16.bpl">ExpressPrinting System ReportLink for TeeChart by Developer Express Inc.</Excluded_Packages>
						<Excluded_Packages Name="C:\Program Files (x86)\Developer Express.VCL\Library\RS16\dcldxSkinsDesignHelperRS16.bpl">ExpressSkins Library Uses Clause Auto Fill Helper by Developer Express Inc.</Excluded_Packages>
						<Excluded_Packages Name="C:\Program Files (x86)\Developer Express.VCL\Library\RS16\dxSkinscxPCPainterRS16.bpl">ExpressSkins Library Painter for PageControl by Developer Express Inc.</Excluded_Packages>
						<Excluded_Packages Name="C:\Program Files (x86)\Developer Express.VCL\Library\RS16\dxSkinscxSchedulerPainterRS16.bpl">ExpressSkins Library Painter for Scheduler by Developer Express Inc.</Excluded_Packages>
						<Excluded_Packages Name="C:\Program Files (x86)\Developer Express.VCL\Library\RS16\dxSkinsdxBarPainterRS16.bpl">ExpressSkins Library Painter for Bars by Developer Express Inc.</Excluded_Packages>
						<Excluded_Packages Name="C:\Program Files (x86)\Developer Express.VCL\Library\RS16\dxSkinsdxNavBarPainterRS16.bpl">ExpressSkins Library Painter for NavBar by Developer Express Inc.</Excluded_Packages>
						<Excluded_Packages Name="C:\Program Files (x86)\Developer Express.VCL\Library\RS16\dxNavBarRS16.bpl">ExpressNavBar by Developer Express Inc.</Excluded_Packages>
						<Excluded_Packages Name="C:\Program Files (x86)\Developer Express.VCL\Library\RS16\dxSkinsdxRibbonPainterRS16.bpl">ExpressSkins Library Painter for Ribbon by Developer Express Inc.</Excluded_Packages>
						<Excluded_Packages Name="C:\Program Files (x86)\Developer Express.VCL\Library\RS16\dxSkinsdxDLPainterRS16.bpl">ExpressSkins Library Painter for Docking Library by Developer Express Inc.</Excluded_Packages>
						<Excluded_Packages Name="C:\Program Files (x86)\Developer Express.VCL\Library\RS16\dcldxPSdxLCLnkRS16.bpl">ExpressPrinting System ReportLink for ExpressLayoutControl by Developer Express Inc.</Excluded_Packages>
						<Excluded_Packages Name="C:\Program Files (x86)\Developer Express.VCL\Library\RS16\dxLayoutControlRS16.bpl">ExpressLayout Control by Developer Express Inc.</Excluded_Packages>
						<Excluded_Packages Name="C:\Program Files (x86)\Developer Express.VCL\Library\RS16\dcldxNavBarRS16.bpl">ExpressNavBar by Developer Express Inc.</Excluded_Packages>
						<Excluded_Packages Name="C:\Program Files (x86)\Developer Express.VCL\Library\RS16\dcldxLayoutControlRS16.bpl">ExpressLayout Control by Developer Express Inc.</Excluded_Packages>
						<Excluded_Packages Name="C:\Program Files (x86)\Developer Express.VCL\Library\RS16\dclcxEditorFieldLinkRS16.bpl">ExpressEditors FieldLink by Developer Express Inc.</Excluded_Packages>
						<Excluded_Packages Name="C:\Program Files (x86)\Developer Express.VCL\Library\RS16\dcldxDockingRS16.bpl">ExpressDocking Library by Developer Express Inc.</Excluded_Packages>
						<Excluded_Packages Name="C:\Program Files (x86)\Developer Express.VCL\Library\RS16\dclcxBarEditItemRS16.bpl">ExpressBars cxEditor item by Developer Express Inc.</Excluded_Packages>
						<Excluded_Packages Name="C:\Program Files (x86)\Developer Express.VCL\Library\RS16\dclcxVerticalGridRS16.bpl">ExpressVerticalGrid by Developer Express Inc.</Excluded_Packages>
						<Excluded_Packages Name="C:\Program Files (x86)\Developer Express.VCL\Library\RS16\dcldxtrmdRS16.bpl">ExpressTreePrintedDataSet by Developer Express Inc.</Excluded_Packages>
						<Excluded_Packages Name="C:\Program Files (x86)\Developer Express.VCL\Library\RS16\dclcxSpreadSheetRS16.bpl">ExpressSpreadSheet by Developer Express Inc.</Excluded_Packages>
						<Excluded_Packages Name="C:\Program Files (x86)\Developer Express.VCL\Library\RS16\dcldxSpellCheckerRS16.bpl">ExpressSpellChecker 2 by Developer Express Inc.</Excluded_Packages>
						<Excluded_Packages Name="C:\Program Files (x86)\Developer Express.VCL\Library\RS16\dclcxSchedulerGridRS16.bpl">ExpressScheduler connection to ExpressQuantumGrid by Developer Express Inc.</Excluded_Packages>
						<Excluded_Packages Name="C:\Program Files (x86)\Developer Express.VCL\Library\RS16\dclcxTreeListdxBarPopupMenuRS16.bpl">ExpressQuantumTreeList 5 dxBar Built-In Menu by Developer Express Inc.</Excluded_Packages>
						<Excluded_Packages Name="C:\Program Files (x86)\Developer Express.VCL\Library\RS16\dclcxTreeListRS16.bpl">ExpressQuantumTreeList 5 by Developer Express Inc.</Excluded_Packages>
						<Excluded_Packages Name="C:\Program Files (x86)\Developer Express.VCL\Library\RS16\dclcxGridRS16.bpl">ExpressQuantumGrid by Developer Express Inc.</Excluded_Packages>
						<Excluded_Packages Name="C:\Program Files (x86)\Developer Express.VCL\Library\RS16\dclcxPageControldxBarPopupMenuRS16.bpl">ExpressPageControl dxBar Popup Menu by Developer Express Inc.</Excluded_Packages>
						<Excluded_Packages Name="C:\Program Files (x86)\Developer Express.VCL\Library\RS16\dcldxmdsRS16.bpl">ExpressMemData by Developer Express Inc.</Excluded_Packages>
						<Excluded_Packages Name="C:\Program Files (x86)\Developer Express.VCL\Library\RS16\dcldxFlowChartRS16.bpl">ExpressFlowChart by Developer Express Inc.</Excluded_Packages>
						<Excluded_Packages Name="C:\Program Files (x86)\Developer Express.VCL\Library\RS16\dcldxdbtrRS16.bpl">ExpressDBTree by Developer Express Inc.</Excluded_Packages>
						<Excluded_Packages Name="C:\Program Files (x86)\Developer Express.VCL\Library\RS16\dxdbtrRS16.bpl">ExpressDBTree by Developer Express Inc.</Excluded_Packages>
						<Excluded_Packages Name="C:\Program Files (x86)\Developer Express.VCL\Library\RS16\dcldxTabbedMDIRS16.bpl">ExpressBars Tabbed MDI by Developer Express Inc.</Excluded_Packages>
						<Excluded_Packages Name="C:\Program Files (x86)\Developer Express.VCL\Library\RS16\dcldxBarExtItemsRS16.bpl">ExpressBars extended items by Developer Express Inc.</Excluded_Packages>
						<Excluded_Packages Name="C:\Program Files (x86)\Developer Express.VCL\Library\RS16\dxBarExtItemsRS16.bpl">ExpressBars extended items by Developer Express Inc.</Excluded_Packages>
						<Excluded_Packages Name="C:\Program Files (x86)\Developer Express.VCL\Library\RS16\dcldxBarExtDBItemsRS16.bpl">ExpressBars extended DB items by Developer Express Inc.</Excluded_Packages>
						<Excluded_Packages Name="C:\Program Files (x86)\Developer Express.VCL\Library\RS16\dcldxBarDBNavRS16.bpl">ExpressBars DBNavigator by Developer Express Inc.</Excluded_Packages>
						<Excluded_Packages Name="C:\Program Files (x86)\Developer Express.VCL\Library\RS16\dcldxDBOrRS16.bpl">ExpressDBOrgChart by Developer Express Inc.</Excluded_Packages>
						<Excluded_Packages Name="C:\Program Files (x86)\Developer Express.VCL\Library\RS16\dxdborRS16.bpl">ExpressDBOrgChart by Developer Express Inc.</Excluded_Packages>
						<Excluded_Packages Name="C:\Program Files (x86)\Developer Express.VCL\Library\RS16\dclcxPivotGridChartRS16.bpl">ExpressPivotGrid 2 connection to ExpressQuantumGrid Chart View by Developer Express Inc.</Excluded_Packages>
						<Excluded_Packages Name="C:\Program Files (x86)\Developer Express.VCL\Library\RS16\dxSkinBlackRS16.bpl">ExpressSkins - Black Skin by Developer Express Inc.</Excluded_Packages>
						<Excluded_Packages Name="C:\Program Files (x86)\Developer Express.VCL\Library\RS16\dxSkinBlueprintRS16.bpl">ExpressSkins - Blueprint Skin by Developer Express Inc.</Excluded_Packages>
						<Excluded_Packages Name="C:\Program Files (x86)\Developer Express.VCL\Library\RS16\dxSkinBlueRS16.bpl">ExpressSkins - Blue Skin by Developer Express Inc.</Excluded_Packages>
						<Excluded_Packages Name="C:\Program Files (x86)\Developer Express.VCL\Library\RS16\dxSkinCaramelRS16.bpl">ExpressSkins - Caramel Skin by Developer Express Inc.</Excluded_Packages>
						<Excluded_Packages Name="C:\Program Files (x86)\Developer Express.VCL\Library\RS16\dxSkinCoffeeRS16.bpl">ExpressSkins - Coffee Skin by Developer Express Inc.</Excluded_Packages>
						<Excluded_Packages Name="C:\Program Files (x86)\Developer Express.VCL\Library\RS16\dxSkinDarkRoomRS16.bpl">ExpressSkins - Darkroom Skin by Developer Express Inc.</Excluded_Packages>
						<Excluded_Packages Name="C:\Program Files (x86)\Developer Express.VCL\Library\RS16\dxSkinSharpPlusRS16.bpl">ExpressSkins - SharpPlus Skin by Developer Express Inc.</Excluded_Packages>
						<Excluded_Packages Name="C:\Program Files (x86)\Developer Express.VCL\Library\RS16\dxSkinSilverRS16.bpl">ExpressSkins - Silver Skin by Developer Express Inc.</Excluded_Packages>
						<Excluded_Packages Name="C:\Program Files (x86)\Developer Express.VCL\Library\RS16\dxSkinSpringTimeRS16.bpl">ExpressSkins - Springtime Skin by Developer Express Inc.</Excluded_Packages>
						<Excluded_Packages Name="C:\Program Files (x86)\Developer Express.VCL\Library\RS16\dxSkinStardustRS16.bpl">ExpressSkins - Stardust Skin by Developer Express Inc.</Excluded_Packages>
						<Excluded_Packages Name="C:\Program Files (x86)\Developer Express.VCL\Library\RS16\dxPScxPCProdRS16.bpl">ExpressPrinting System ContainerProducer for ExpressPageControl by Developer Express Inc.</Excluded_Packages>
						<Excluded_Packages Name="C:\Program Files (x86)\Developer Express.VCL\Library\RS16\dcldxSkinscxSchedulerPainterRS16.bpl">ExpressSkins Library Uses Clause Auto Fill Helper for Scheduler Painter by Developer Express Inc.</Excluded_Packages>
						<Excluded_Packages Name="C:\Program Files (x86)\Developer Express.VCL\Library\RS16\dcldxSkinsdxRibbonPaintersRS16.bpl">ExpressSkins Library Uses Clause Auto Fill Helper for Ribbon Painters by Developer Express Inc.</Excluded_Packages>
						<Excluded_Packages Name="C:\Program Files (x86)\Developer Express.VCL\Library\RS16\dcldxSkinscxPCPainterRS16.bpl">ExpressSkins Library Uses Clause Auto Fill Helper for PageControl Painter by Developer Express Inc.</Excluded_Packages>
						<Excluded_Packages Name="C:\Program Files (x86)\Developer Express.VCL\Library\RS16\dcldxSkinsdxNavBarPainterRS16.bpl">ExpressSkins Library Uses Clause Auto Fill Helper for NavBar Painter by Developer Express Inc.</Excluded_Packages>
						<Excluded_Packages Name="C:\Program Files (x86)\Developer Express.VCL\Library\RS16\dcldxSkinscxEditorsHelperRS16.bpl">ExpressSkins Library Uses Clause Auto Fill Helper for ExpressEditors by Developer Express Inc.</Excluded_Packages>
						<Excluded_Packages Name="C:\Program Files (x86)\Developer Express.VCL\Library\RS16\dcldxSkinsdxBarsPaintersRS16.bpl">ExpressSkins Library Uses Clause Auto Fill Helper for Bars Painters by Developer Express Inc.</Excluded_Packages>
						<Excluded_Packages Name="C:\Program Files (x86)\Developer Express.VCL\Library\RS16\dxSkinXmas2008BlueRS16.bpl">ExpressSkins - Xmas2008Blue Skin by Developer Express Inc.</Excluded_Packages>
						<Excluded_Packages Name="C:\Program Files (x86)\Developer Express.VCL\Library\RS16\dxSkinWhiteprintRS16.bpl">ExpressSkins - Whiteprint Skin by Developer Express Inc.</Excluded_Packages>
						<Excluded_Packages Name="C:\Program Files (x86)\Developer Express.VCL\Library\RS16\dxSkinVS2010RS16.bpl">ExpressSkins - VS2010 Skin by Developer Express Inc.</Excluded_Packages>
						<Excluded_Packages Name="C:\Program Files (x86)\Developer Express.VCL\Library\RS16\dxSkinValentineRS16.bpl">ExpressSkins - Valentine Skin by Developer Express Inc.</Excluded_Packages>
						<Excluded_Packages Name="C:\Program Files (x86)\Developer Express.VCL\Library\RS16\dxSkinTheAsphaltWorldRS16.bpl">ExpressSkins - TheAsphaltWorld Skin by Developer Express Inc.</Excluded_Packages>
						<Excluded_Packages Name="C:\Program Files (x86)\Developer Express.VCL\Library\RS16\dxSkinSummer2008RS16.bpl">ExpressSkins - Summer2008 Skin by Developer Express Inc.</Excluded_Packages>
						<Excluded_Packages Name="C:\Program Files (x86)\Developer Express.VCL\Library\RS16\dxSkinSharpRS16.bpl">ExpressSkins - Sharp Skin by Developer Express Inc.</Excluded_Packages>
						<Excluded_Packages Name="C:\Program Files (x86)\Developer Express.VCL\Library\RS16\dxSkinSevenClassicRS16.bpl">ExpressSkins - SevenClassic Skin by Developer Express Inc.</Excluded_Packages>
						<Excluded_Packages Name="C:\Program Files (x86)\Developer Express.VCL\Library\RS16\dxSkinSevenRS16.bpl">ExpressSkins - Seven Skin by Developer Express Inc.</Excluded_Packages>
						<Excluded_Packages Name="C:\Program Files (x86)\Developer Express.VCL\Library\RS16\dxSkinPumpkinRS16.bpl">ExpressSkins - Pumpkin Skin by Developer Express Inc.</Excluded_Packages>
						<Excluded_Packages Name="C:\Program Files (x86)\Developer Express.VCL\Library\RS16\dxSkinOffice2010SilverRS16.bpl">ExpressSkins - Office2010Silver Skin by Developer Express Inc.</Excluded_Packages>
						<Excluded_Packages Name="C:\Program Files (x86)\Developer Express.VCL\Library\RS16\dxSkinOffice2010BlueRS16.bpl">ExpressSkins - Office2010Blue Skin by Developer Express Inc.</Excluded_Packages>
						<Excluded_Packages Name="C:\Program Files (x86)\Developer Express.VCL\Library\RS16\dxSkinOffice2010BlackRS16.bpl">ExpressSkins - Office2010Black Skin by Developer Express Inc.</Excluded_Packages>
						<Excluded_Packages Name="C:\Program Files (x86)\Developer Express.VCL\Library\RS16\dxSkinOffice2007SilverRS16.bpl">ExpressSkins - Office2007Silver Skin by Developer Express Inc.</Excluded_Packages>
						<Excluded_Packages Name="C:\Program Files (x86)\Developer Express.VCL\Library\RS16\dxSkinOffice2007GreenRS16.bpl">ExpressSkins - Office2007Green Skin by Developer Express Inc.</Excluded_Packages>
						<Excluded_Packages Name="C:\Program Files (x86)\Developer Express.VCL\Library\RS16\dxSkinOffice2007PinkRS16.bpl">ExpressSkins - Office2007Pink Skin by Developer Express Inc.</Excluded_Packages>
						<Excluded_Packages Name="C:\Program Files (x86)\Developer Express.VCL\Library\RS16\dxSkinOffice2007BlueRS16.bpl">ExpressSkins - Office2007Blue Skin by Developer Express Inc.</Excluded_Packages>
						<Excluded_Packages Name="C:\Program Files (x86)\Developer Express.VCL\Library\RS16\dxSkinOffice2007BlackRS16.bpl">ExpressSkins - Office2007Black Skin by Developer Express Inc.</Excluded_Packages>
						<Excluded_Packages Name="C:\Program Files (x86)\Developer Express.VCL\Library\RS16\dxSkinMoneyTwinsRS16.bpl">ExpressSkins - MoneyTwins Skin by Developer Express Inc.</Excluded_Packages>
						<Excluded_Packages Name="C:\Program Files (x86)\Developer Express.VCL\Library\RS16\dxSkinMcSkinRS16.bpl">ExpressSkins - McSkin Skin by Developer Express Inc.</Excluded_Packages>
						<Excluded_Packages Name="C:\Program Files (x86)\Developer Express.VCL\Library\RS16\dxSkinLondonLiquidSkyRS16.bpl">ExpressSkins - LondonLiquidSky Skin by Developer Express Inc.</Excluded_Packages>
						<Excluded_Packages Name="C:\Program Files (x86)\Developer Express.VCL\Library\RS16\dxSkinLiquidSkyRS16.bpl">ExpressSkins - LiquidSky Skin by Developer Express Inc.</Excluded_Packages>
						<Excluded_Packages Name="C:\Program Files (x86)\Developer Express.VCL\Library\RS16\dxSkinLilianRS16.bpl">ExpressSkins - Lilian Skin by Developer Express Inc.</Excluded_Packages>
						<Excluded_Packages Name="C:\Program Files (x86)\Developer Express.VCL\Library\RS16\dxSkiniMaginaryRS16.bpl">ExpressSkins - iMaginary Skin by Developer Express Inc.</Excluded_Packages>
						<Excluded_Packages Name="C:\Program Files (x86)\Developer Express.VCL\Library\RS16\dxSkinHighContrastRS16.bpl">ExpressSkins - HighContrast Skin by Developer Express Inc.</Excluded_Packages>
						<Excluded_Packages Name="C:\Program Files (x86)\Developer Express.VCL\Library\RS16\dxSkinGlassOceansRS16.bpl">ExpressSkins - GlassOceans Skin by Developer Express Inc.</Excluded_Packages>
						<Excluded_Packages Name="C:\Program Files (x86)\Developer Express.VCL\Library\RS16\dxSkinFoggyRS16.bpl">ExpressSkins - Foggy Skin by Developer Express Inc.</Excluded_Packages>
						<Excluded_Packages Name="C:\Program Files (x86)\Developer Express.VCL\Library\RS16\dxSkinDevExpressStyleRS16.bpl">ExpressSkins - DevExpressStyle Skin by Developer Express Inc.</Excluded_Packages>
						<Excluded_Packages Name="C:\Program Files (x86)\Developer Express.VCL\Library\RS16\dxSkinDevExpressDarkStyleRS16.bpl">ExpressSkins - DevExpressDarkStyle Skin by Developer Express Inc.</Excluded_Packages>
						<Excluded_Packages Name="C:\Program Files (x86)\Developer Express.VCL\Library\RS16\dxSkinDarkSideRS16.bpl">ExpressSkins - DarkSide Skin by Developer Express Inc.</Excluded_Packages>
						<Excluded_Packages Name="C:\Program Files (x86)\Developer Express.VCL\Library\RS16\dcldxPSPrVwRibbonRS16.bpl">ExpressPrinting System Ribbon Preview Window by Developer Express Inc.</Excluded_Packages>
						<Excluded_Packages Name="C:\Program Files (x86)\Developer Express.VCL\Library\RS16\dcldxPSdxOCLnkRS16.bpl">ExpressPrinting System ReportLinks for ExpressOrgChart by Developer Express Inc.</Excluded_Packages>
						<Excluded_Packages Name="C:\Program Files (x86)\Developer Express.VCL\Library\RS16\dcldxPSdxFCLnkRS16.bpl">ExpressPrinting System ReportLinks for ExpressFlowChart by Developer Express Inc.</Excluded_Packages>
						<Excluded_Packages Name="C:\Program Files (x86)\Developer Express.VCL\Library\RS16\dcldxPSdxDBOCLnkRS16.bpl">ExpressPrinting System ReportLinks for ExpressDBOrgChart by Developer Express Inc.</Excluded_Packages>
						<Excluded_Packages Name="C:\Program Files (x86)\Developer Express.VCL\Library\RS16\dcldxPSLnksRS16.bpl">ExpressPrinting System ReportLinks (Standard) by Developer Express Inc.</Excluded_Packages>
						<Excluded_Packages Name="C:\Program Files (x86)\Developer Express.VCL\Library\RS16\dcldxPScxVGridLnkRS16.bpl">ExpressPrinting System ReportLink for ExpressVerticalGrid by Developer Express Inc.</Excluded_Packages>
						<Excluded_Packages Name="C:\Program Files (x86)\Developer Express.VCL\Library\RS16\dcldxPScxSSLnkRS16.bpl">ExpressPrinting System ReportLink for ExpressSpreadSheet by Developer Express Inc.</Excluded_Packages>
						<Excluded_Packages Name="C:\Program Files (x86)\Developer Express.VCL\Library\RS16\dcldxPScxTLLnkRS16.bpl">ExpressPrinting System ReportLink for ExpressQuantumTreeList by Developer Express Inc.</Excluded_Packages>
						<Excluded_Packages Name="C:\Program Files (x86)\Developer Express.VCL\Library\RS16\dcldxPScxGridLnkRS16.bpl">ExpressPrinting System ReportLink for ExpressQuantumGrid by Developer Express Inc.</Excluded_Packages>
						<Excluded_Packages Name="C:\Program Files (x86)\Developer Express.VCL\Library\RS16\dcldxPScxPivotGridLnkRS16.bpl">ExpressPrinting System ReportLink for ExpressPivotGrid by Developer Express Inc.</Excluded_Packages>
						<Excluded_Packages Name="C:\Program Files (x86)\Developer Express.VCL\Library\RS16\dcldxPScxSchedulerLnkRS16.bpl">ExpressPrinting System ReportLink for ExpressScheduler by Developer Express Inc.</Excluded_Packages>
						<Excluded_Packages Name="C:\Program Files (x86)\Developer Express.VCL\Library\RS16\dcldxPSdxDBTVLnkRS16.bpl">ExpressPrinting System ReportLink for ExpressDBTree by Developer Express Inc.</Excluded_Packages>
						<Excluded_Packages Name="C:\Program Files (x86)\Developer Express.VCL\Library\RS16\dcldxPSDBTeeChartRS16.bpl">ExpressPrinting System ReportLink for DBTeeChart by Developer Express Inc.</Excluded_Packages>
						<Excluded_Packages Name="C:\Program Files (x86)\Developer Express.VCL\Library\RS16\dcldxPScxExtCommonRS16.bpl">ExpressPrinting System Extended Cross Platform Library by Developer Express Inc.</Excluded_Packages>
						<Excluded_Packages Name="C:\Program Files (x86)\Developer Express.VCL\Library\RS16\dcldxPScxCommonRS16.bpl">ExpressPrinting System Cross Platform Library by Developer Express Inc.</Excluded_Packages>
						<Excluded_Packages Name="C:\Program Files (x86)\Developer Express.VCL\Library\RS16\dcldxPSPrVwAdvRS16.bpl">ExpressPrinting System Advanced Preview Window by Developer Express Inc.</Excluded_Packages>
						<Excluded_Packages Name="C:\Users\Public\Documents\RAD Studio\9.0\Bpl\Html5Canvas_RSXE2.bpl">Native HTML5 Canvas</Excluded_Packages>
						<Excluded_Packages Name="C:\Users\Public\Documents\RAD Studio\9.0\Bpl\VirtualShellToolsD16D.bpl">Virtual Shell Tools Designtime Package</Excluded_Packages>
						<Excluded_Packages Name="C:\Users\Public\Documents\RAD Studio\9.0\Bpl\VppmDesignTime_RSXE2.bpl">VST Plug-in Preset Match (design time)</Excluded_Packages>
						<Excluded_Packages Name="C:\Users\Public\Documents\RAD Studio\9.0\Bpl\GLSS_BASSXE2.bpl">GLScene - BASS Manager</Excluded_Packages>
						<Excluded_Packages Name="C:\Users\Public\Documents\RAD Studio\9.0\Bpl\GLSS_OpenALXE2.bpl">GLScene - OpenAL Manager</Excluded_Packages>
						<Excluded_Packages Name="C:\Program Files (x86)\RemObjects Software\RemObjects SDK for Delphi\Dcu\D16\win32\RemObjects_IDE_D16.bpl">RemObjects SDK - IDE Integration for Win32</Excluded_Packages>
						<Excluded_Packages Name="C:\Program Files (x86)\RemObjects Software\RemObjects SDK for Delphi\Dcu\D16\win32\RemObjects_WebBroker_D16.bpl">RemObjects SDK - WebBroker Library</Excluded_Packages>
						<Excluded_Packages Name="C:\Program Files (x86)\RemObjects Software\RemObjects SDK for Delphi\Dcu\D16\win32\RemObjects_Indy_D16.bpl">RemObjects SDK - Indy Library</Excluded_Packages>
						<Excluded_Packages Name="C:\Users\Public\Documents\RAD Studio\9.0\Bpl\customcontrol.bpl">Custom Control</Excluded_Packages>
						<Excluded_Packages Name="C:\Users\Public\Documents\RAD Studio\9.0\Bpl\iOSComps.bpl">Components for iOS</Excluded_Packages>
						<Excluded_Packages Name="$(BDSBIN)\dcloffice2k160.bpl">Microsoft Office 2000 Beispiele für gekapselte Komponenten für Automatisierungsserver</Excluded_Packages>
						<Excluded_Packages Name="$(BDSBIN)\dclofficexp160.bpl">Microsoft Office XP Beispiele für gekapselte Komponenten für Automation Server</Excluded_Packages>
						<Excluded_Packages Name="C:\Program Files (x86)\Developer Express.VCL\Library\RS16\dclcxPivotGridOLAPRS16.bpl">ExpressPivotGrid 2 OLAP by Developer Express Inc.</Excluded_Packages>
						<Excluded_Packages Name="C:\Users\Public\Code\RiverSoftAVG\bin\Win32\D160\RSChartsDclD160.bpl">RiverSoftAVG Charting Component Suite (Design-Time)</Excluded_Packages>
						<Excluded_Packages Name="C:\Users\Public\Code\RiverSoftAVG\bin\Win32\D160\RSFmxChartsDclD160.bpl">RiverSoftAVG Charting Component Suite (Design-Time) (FMX)</Excluded_Packages>
						<Excluded_Packages Name="C:\Program Files (x86)\FastReports\FastReport 5\LibD16\dclfsibx16.bpl">FastScript 1.9 IBX Components</Excluded_Packages>
						<Excluded_Packages Name="C:\Program Files (x86)\FastReports\FastReport 5\LibD16\dclfrxibx16.bpl">FastReport 5.0 IBX Components</Excluded_Packages>
					</Excluded_Packages>
					<VersionInfo>
						<VersionInfo Name="IncludeVerInfo">False</VersionInfo>
						<VersionInfo Name="AutoIncBuild">False</VersionInfo>
						<VersionInfo Name="MajorVer">1</VersionInfo>
						<VersionInfo Name="MinorVer">0</VersionInfo>
						<VersionInfo Name="Release">0</VersionInfo>
						<VersionInfo Name="Build">0</VersionInfo>
						<VersionInfo Name="Debug">False</VersionInfo>
						<VersionInfo Name="PreRelease">False</VersionInfo>
						<VersionInfo Name="Special">False</VersionInfo>
						<VersionInfo Name="Private">False</VersionInfo>
						<VersionInfo Name="DLL">False</VersionInfo>
						<VersionInfo Name="Locale">1031</VersionInfo>
						<VersionInfo Name="CodePage">1252</VersionInfo>
					</VersionInfo>
					<VersionInfoKeys>
						<VersionInfoKeys Name="CompanyName"/>
						<VersionInfoKeys Name="FileDescription"/>
						<VersionInfoKeys Name="FileVersion">1.0.0.0</VersionInfoKeys>
						<VersionInfoKeys Name="InternalName"/>
						<VersionInfoKeys Name="LegalCopyright"/>
						<VersionInfoKeys Name="LegalTrademarks"/>
						<VersionInfoKeys Name="OriginalFilename"/>
						<VersionInfoKeys Name="ProductName"/>
						<VersionInfoKeys Name="ProductVersion">1.0.0.0</VersionInfoKeys>
						<VersionInfoKeys Name="Comments"/>
					</VersionInfoKeys>
				</Delphi.Personality>
				<Deployment>
					<DeployFile LocalName="Win32\Debug\StandaloneFMX.exe" Configuration="Debug" Class="ProjectOutput">
						<Platform Name="Win32">
							<RemoteName>StandaloneFMX.exe</RemoteName>
						</Platform>
					</DeployFile>
					<DeployFile LocalName="$(BDS)\Redist\osx32\libcgunwind.1.0.dylib" Class="DependencyModule">
						<Platform Name="OSX32"/>
						<Platform Name="iOSSimulator"/>
					</DeployFile>
					<DeployClass Name="DependencyPackage" Required="true">
						<Platform Name="iOSDevice">
							<Operation>1</Operation>
							<Extensions>.dylib</Extensions>
						</Platform>
						<Platform Name="Win32">
							<Operation>0</Operation>
							<Extensions>.bpl</Extensions>
						</Platform>
						<Platform Name="OSX32">
							<RemoteDir>Contents\MacOS</RemoteDir>
							<Operation>1</Operation>
							<Extensions>.dylib</Extensions>
						</Platform>
						<Platform Name="iOSSimulator">
							<Operation>1</Operation>
							<Extensions>.dylib</Extensions>
						</Platform>
					</DeployClass>
					<DeployClass Name="DependencyModule">
						<Platform Name="iOSDevice">
							<Operation>1</Operation>
							<Extensions>.dylib</Extensions>
						</Platform>
						<Platform Name="Win32">
							<Operation>0</Operation>
							<Extensions>.dll;.bpl</Extensions>
						</Platform>
						<Platform Name="OSX32">
							<RemoteDir>Contents\MacOS</RemoteDir>
							<Operation>1</Operation>
							<Extensions>.dylib</Extensions>
						</Platform>
						<Platform Name="iOSSimulator">
							<Operation>1</Operation>
							<Extensions>.dylib</Extensions>
						</Platform>
					</DeployClass>
					<DeployClass Name="iPad_Launch2048">
						<Platform Name="iOSDevice">
							<Operation>1</Operation>
						</Platform>
						<Platform Name="iOSSimulator">
							<Operation>1</Operation>
						</Platform>
					</DeployClass>
					<DeployClass Name="ProjectOSXInfoPList">
						<Platform Name="OSX32">
							<RemoteDir>Contents</RemoteDir>
							<Operation>1</Operation>
						</Platform>
					</DeployClass>
					<DeployClass Name="ProjectiOSDeviceDebug">
						<Platform Name="iOSDevice">
							<RemoteDir>..\$(PROJECTNAME).app.dSYM\Contents\Resources\DWARF</RemoteDir>
							<Operation>1</Operation>
						</Platform>
					</DeployClass>
					<DeployClass Name="Android_SplashImage470">
						<Platform Name="Android">
							<RemoteDir>res\drawable-normal</RemoteDir>
							<Operation>1</Operation>
						</Platform>
					</DeployClass>
					<DeployClass Name="AndroidLibnativeX86File">
						<Platform Name="Android">
							<RemoteDir>library\lib\x86</RemoteDir>
							<Operation>1</Operation>
						</Platform>
					</DeployClass>
					<DeployClass Name="ProjectiOSResource">
						<Platform Name="iOSDevice">
							<Operation>1</Operation>
						</Platform>
						<Platform Name="iOSSimulator">
							<Operation>1</Operation>
						</Platform>
					</DeployClass>
					<DeployClass Name="ProjectOSXEntitlements">
						<Platform Name="OSX32">
							<RemoteDir>../</RemoteDir>
							<Operation>1</Operation>
						</Platform>
					</DeployClass>
					<DeployClass Name="AndroidGDBServer">
						<Platform Name="Android">
							<RemoteDir>library\lib\armeabi-v7a</RemoteDir>
							<Operation>1</Operation>
						</Platform>
					</DeployClass>
					<DeployClass Name="iPhone_Launch640">
						<Platform Name="iOSDevice">
							<Operation>1</Operation>
						</Platform>
						<Platform Name="iOSSimulator">
							<Operation>1</Operation>
						</Platform>
					</DeployClass>
					<DeployClass Name="Android_SplashImage960">
						<Platform Name="Android">
							<RemoteDir>res\drawable-xlarge</RemoteDir>
							<Operation>1</Operation>
						</Platform>
					</DeployClass>
					<DeployClass Name="Android_LauncherIcon96">
						<Platform Name="Android">
							<RemoteDir>res\drawable-xhdpi</RemoteDir>
							<Operation>1</Operation>
						</Platform>
					</DeployClass>
					<DeployClass Name="iPhone_Launch320">
						<Platform Name="iOSDevice">
							<Operation>1</Operation>
						</Platform>
						<Platform Name="iOSSimulator">
							<Operation>1</Operation>
						</Platform>
					</DeployClass>
					<DeployClass Name="Android_LauncherIcon144">
						<Platform Name="Android">
							<RemoteDir>res\drawable-xxhdpi</RemoteDir>
							<Operation>1</Operation>
						</Platform>
					</DeployClass>
					<DeployClass Name="AndroidLibnativeMipsFile">
						<Platform Name="Android">
							<RemoteDir>library\lib\mips</RemoteDir>
							<Operation>1</Operation>
						</Platform>
					</DeployClass>
					<DeployClass Name="AndroidSplashImageDef">
						<Platform Name="Android">
							<RemoteDir>res\drawable</RemoteDir>
							<Operation>1</Operation>
						</Platform>
					</DeployClass>
					<DeployClass Name="DebugSymbols">
						<Platform Name="OSX32">
							<RemoteDir>Contents\MacOS</RemoteDir>
							<Operation>1</Operation>
						</Platform>
						<Platform Name="iOSSimulator">
							<Operation>1</Operation>
						</Platform>
						<Platform Name="Win32">
							<Operation>0</Operation>
						</Platform>
					</DeployClass>
					<DeployClass Name="DependencyFramework">
						<Platform Name="OSX32">
							<RemoteDir>Contents\MacOS</RemoteDir>
							<Operation>1</Operation>
							<Extensions>.framework</Extensions>
						</Platform>
						<Platform Name="Win32">
							<Operation>0</Operation>
						</Platform>
					</DeployClass>
					<DeployClass Name="Android_SplashImage426">
						<Platform Name="Android">
							<RemoteDir>res\drawable-small</RemoteDir>
							<Operation>1</Operation>
						</Platform>
					</DeployClass>
					<DeployClass Name="ProjectiOSEntitlements">
						<Platform Name="iOSDevice">
							<RemoteDir>../</RemoteDir>
							<Operation>1</Operation>
						</Platform>
					</DeployClass>
					<DeployClass Name="AdditionalDebugSymbols">
						<Platform Name="OSX32">
							<RemoteDir>Contents\MacOS</RemoteDir>
							<Operation>1</Operation>
						</Platform>
						<Platform Name="iOSSimulator">
							<Operation>1</Operation>
						</Platform>
						<Platform Name="Win32">
							<RemoteDir>Contents\MacOS</RemoteDir>
							<Operation>0</Operation>
						</Platform>
					</DeployClass>
					<DeployClass Name="AndroidClassesDexFile">
						<Platform Name="Android">
							<RemoteDir>classes</RemoteDir>
							<Operation>1</Operation>
						</Platform>
					</DeployClass>
					<DeployClass Name="ProjectiOSInfoPList">
						<Platform Name="iOSDevice">
							<Operation>1</Operation>
						</Platform>
						<Platform Name="iOSSimulator">
							<Operation>1</Operation>
						</Platform>
					</DeployClass>
					<DeployClass Name="iPad_Launch1024">
						<Platform Name="iOSDevice">
							<Operation>1</Operation>
						</Platform>
						<Platform Name="iOSSimulator">
							<Operation>1</Operation>
						</Platform>
					</DeployClass>
					<DeployClass Name="Android_DefaultAppIcon">
						<Platform Name="Android">
							<RemoteDir>res\drawable</RemoteDir>
							<Operation>1</Operation>
						</Platform>
					</DeployClass>
					<DeployClass Name="ProjectOSXResource">
						<Platform Name="OSX32">
							<RemoteDir>Contents\Resources</RemoteDir>
							<Operation>1</Operation>
						</Platform>
					</DeployClass>
					<DeployClass Name="ProjectiOSDeviceResourceRules">
						<Platform Name="iOSDevice">
							<Operation>1</Operation>
						</Platform>
					</DeployClass>
					<DeployClass Name="iPad_Launch768">
						<Platform Name="iOSDevice">
							<Operation>1</Operation>
						</Platform>
						<Platform Name="iOSSimulator">
							<Operation>1</Operation>
						</Platform>
					</DeployClass>
					<DeployClass Name="ProjectOutput" Required="true">
						<Platform Name="iOSDevice">
							<Operation>1</Operation>
						</Platform>
						<Platform Name="Android">
							<RemoteDir>library\lib\armeabi-v7a</RemoteDir>
							<Operation>1</Operation>
						</Platform>
						<Platform Name="Win32">
							<Operation>0</Operation>
						</Platform>
						<Platform Name="OSX32">
							<RemoteDir>Contents\MacOS</RemoteDir>
							<Operation>1</Operation>
						</Platform>
						<Platform Name="iOSSimulator">
							<Operation>1</Operation>
						</Platform>
					</DeployClass>
					<DeployClass Name="AndroidLibnativeArmeabiFile">
						<Platform Name="Android">
							<RemoteDir>library\lib\armeabi</RemoteDir>
							<Operation>1</Operation>
						</Platform>
					</DeployClass>
					<DeployClass Name="Android_SplashImage640">
						<Platform Name="Android">
							<RemoteDir>res\drawable-large</RemoteDir>
							<Operation>1</Operation>
						</Platform>
					</DeployClass>
					<DeployClass Name="File">
						<Platform Name="iOSDevice">
							<Operation>0</Operation>
						</Platform>
						<Platform Name="Android">
							<Operation>0</Operation>
						</Platform>
						<Platform Name="Win32">
							<Operation>0</Operation>
						</Platform>
						<Platform Name="OSX32">
							<RemoteDir>Contents\MacOS</RemoteDir>
							<Operation>0</Operation>
						</Platform>
						<Platform Name="iOSSimulator">
							<Operation>0</Operation>
						</Platform>
					</DeployClass>
					<DeployClass Name="iPhone_Launch640x1136">
						<Platform Name="iOSDevice">
							<Operation>1</Operation>
						</Platform>
						<Platform Name="iOSSimulator">
							<Operation>1</Operation>
						</Platform>
					</DeployClass>
					<DeployClass Name="Android_LauncherIcon36">
						<Platform Name="Android">
							<RemoteDir>res\drawable-ldpi</RemoteDir>
							<Operation>1</Operation>
						</Platform>
					</DeployClass>
					<DeployClass Name="AndroidSplashStyles">
						<Platform Name="Android">
							<RemoteDir>res\values</RemoteDir>
							<Operation>1</Operation>
						</Platform>
					</DeployClass>
					<DeployClass Name="iPad_Launch1536">
						<Platform Name="iOSDevice">
							<Operation>1</Operation>
						</Platform>
						<Platform Name="iOSSimulator">
							<Operation>1</Operation>
						</Platform>
					</DeployClass>
					<DeployClass Name="Android_LauncherIcon48">
						<Platform Name="Android">
							<RemoteDir>res\drawable-mdpi</RemoteDir>
							<Operation>1</Operation>
						</Platform>
					</DeployClass>
					<DeployClass Name="Android_LauncherIcon72">
						<Platform Name="Android">
							<RemoteDir>res\drawable-hdpi</RemoteDir>
							<Operation>1</Operation>
						</Platform>
					</DeployClass>
					<DeployClass Name="ProjectAndroidManifest">
						<Platform Name="Android">
							<Operation>1</Operation>
						</Platform>
					</DeployClass>
					<ProjectRoot Name="$(PROJECTNAME)" Platform="Android"/>
					<ProjectRoot Name="$(PROJECTNAME).app" Platform="iOSDevice"/>
					<ProjectRoot Name="$(PROJECTNAME)" Platform="Win32"/>
					<ProjectRoot Name="$(PROJECTNAME).app" Platform="OSX32"/>
					<ProjectRoot Name="$(PROJECTNAME).app" Platform="iOSSimulator"/>
					<ProjectRoot Name="$(PROJECTNAME)" Platform="Win64"/>
				</Deployment>
				<Platforms>
					<Platform value="OSX32">True</Platform>
					<Platform value="Win64">True</Platform>
					<Platform value="Win32">True</Platform>
				</Platforms>
			</BorlandProject>
			<ProjectFileVersion>12</ProjectFileVersion>
		</ProjectExtensions>
		<Import Condition="Exists('$(BDS)\Bin\CodeGear.Delphi.Targets')" Project="$(BDS)\Bin\CodeGear.Delphi.Targets"/>
		<Import Condition="Exists('$(APPDATA)\Embarcadero\$(BDSAPPDATABASEDIR)\$(PRODUCTVERSION)\UserTools.proj')" Project="$(APPDATA)\Embarcadero\$(BDSAPPDATABASEDIR)\$(PRODUCTVERSION)\UserTools.proj"/>
		<Import Condition="Exists('$(MSBuildProjectName).deployproj')" Project="$(MSBuildProjectName).deployproj"/>
	</Project>